
Microsoft Visual Studio Solution File, Format Version 12.00
# Visual Studio Version 17
VisualStudioVersion = 17.11.35303.130
MinimumVisualStudioVersion = 10.0.40219.1
Project("{2150E333-8FDC-42A3-9474-1A3956D46DE8}") = "src", "src", "{FD1BC5B4-DEB3-4C5C-A780-8DBA76123AF9}"
EndProject
Project("{2150E333-8FDC-42A3-9474-1A3956D46DE8}") = "Application", "Application", "{0A29F38B-E350-468D-AB58-EC3BEA1A97B6}"
EndProject
Project("{9A19103F-16F7-4668-BE54-9A1E7A4F7556}") = "Sample.Application", "src\Application\Sample.Application\Sample.Application.csproj", "{FA107082-7FF5-4FD5-B0C3-7A9D3E870C37}"
EndProject
Project("{2150E333-8FDC-42A3-9474-1A3956D46DE8}") = "Commons", "Commons", "{C8A3FF23-4016-4542-A179-2CB1FCD4C8B2}"
EndProject
Project("{9A19103F-16F7-4668-BE54-9A1E7A4F7556}") = "Sample.Commons", "src\Commons\Sample.Commons\Sample.Commons.csproj", "{8060278C-D5F4-493B-A3BF-F1951C9B31E5}"
EndProject
Project("{2150E333-8FDC-42A3-9474-1A3956D46DE8}") = "Core", "Core", "{03A4CB4B-3DF8-4319-A19E-E00BA88E73CF}"
EndProject
Project("{9A19103F-16F7-4668-BE54-9A1E7A4F7556}") = "Sample.Core", "src\Core\Sample.Core\Sample.Core.csproj", "{EA066D7D-1125-4C3B-94D1-C6BA021E9AE4}"
EndProject
Project("{2150E333-8FDC-42A3-9474-1A3956D46DE8}") = "RestAPI", "RestAPI", "{ABEE68D5-6713-4DFA-AE01-691FE7B4702F}"
EndProject
Project("{9A19103F-16F7-4668-BE54-9A1E7A4F7556}") = "Sample.RestApi", "src\RestAPI\Sample.RestApi\Sample.RestApi.csproj", "{556CB46F-093E-488E-A959-5F3DBF3ED943}"
EndProject
Project("{2150E333-8FDC-42A3-9474-1A3956D46DE8}") = "Infrastructure", "Infrastructure", "{69AD7B38-B322-495A-8482-04BA44F46C0A}"
EndProject
Project("{9A19103F-16F7-4668-BE54-9A1E7A4F7556}") = "Sample.Persistence.EF", "src\Infrastructure\Sample.Persistence.EF\Sample.Persistence.EF.csproj", "{B902C6EB-84F8-4B7A-8BE5-9C5286D81F08}"
EndProject
Project("{9A19103F-16F7-4668-BE54-9A1E7A4F7556}") = "Sample.Migrations", "src\Infrastructure\Sample.Migrations\Sample.Migrations.csproj", "{10EE5082-AAEE-4C6C-B44F-F100B1A079B7}"
EndProject
Project("{2150E333-8FDC-42A3-9474-1A3956D46DE8}") = "test", "test", "{014236FC-8DCC-46F4-AA6D-973E8FB28C2F}"
EndProject
Project("{9A19103F-16F7-4668-BE54-9A1E7A4F7556}") = "Sample.Application.Test.Integration", "test\Sample.Application.Test.Integration\Sample.Application.Test.Integration.csproj", "{C0074905-8152-4514-8247-A2B31FDA1BD3}"
EndProject
Project("{9A19103F-16F7-4668-BE54-9A1E7A4F7556}") = "Sample.Application.Test.Unit", "test\Sample.Application.Test.Unit\Sample.Application.Test.Unit.csproj", "{34CB1151-637F-4CA4-85F0-2215C57ED3D9}"
EndProject
Project("{9A19103F-16F7-4668-BE54-9A1E7A4F7556}") = "Sample.Test.Tools", "test\Sample.Test.Tools\Sample.Test.Tools.csproj", "{15619BFA-744C-4CDC-BAFD-BF64585F3F76}"
EndProject
Project("{FAE04EC0-301F-11D3-BF4B-00C04F79EFBC}") = "Sample.Infrastructure", "src\Infrastructure\Sample.Infrastructure\Sample.Infrastructure.csproj", "{A45A6090-3BD4-4B5D-9BB9-542F3A65DA25}"
EndProject
Global
	GlobalSection(SolutionConfigurationPlatforms) = preSolution
		Debug|Any CPU = Debug|Any CPU
		Release|Any CPU = Release|Any CPU
	EndGlobalSection
	GlobalSection(ProjectConfigurationPlatforms) = postSolution
		{FA107082-7FF5-4FD5-B0C3-7A9D3E870C37}.Debug|Any CPU.ActiveCfg = Debug|Any CPU
		{FA107082-7FF5-4FD5-B0C3-7A9D3E870C37}.Debug|Any CPU.Build.0 = Debug|Any CPU
		{FA107082-7FF5-4FD5-B0C3-7A9D3E870C37}.Release|Any CPU.ActiveCfg = Release|Any CPU
		{FA107082-7FF5-4FD5-B0C3-7A9D3E870C37}.Release|Any CPU.Build.0 = Release|Any CPU
		{8060278C-D5F4-493B-A3BF-F1951C9B31E5}.Debug|Any CPU.ActiveCfg = Debug|Any CPU
		{8060278C-D5F4-493B-A3BF-F1951C9B31E5}.Debug|Any CPU.Build.0 = Debug|Any CPU
		{8060278C-D5F4-493B-A3BF-F1951C9B31E5}.Release|Any CPU.ActiveCfg = Release|Any CPU
		{8060278C-D5F4-493B-A3BF-F1951C9B31E5}.Release|Any CPU.Build.0 = Release|Any CPU
		{EA066D7D-1125-4C3B-94D1-C6BA021E9AE4}.Debug|Any CPU.ActiveCfg = Debug|Any CPU
		{EA066D7D-1125-4C3B-94D1-C6BA021E9AE4}.Debug|Any CPU.Build.0 = Debug|Any CPU
		{EA066D7D-1125-4C3B-94D1-C6BA021E9AE4}.Release|Any CPU.ActiveCfg = Release|Any CPU
		{EA066D7D-1125-4C3B-94D1-C6BA021E9AE4}.Release|Any CPU.Build.0 = Release|Any CPU
		{556CB46F-093E-488E-A959-5F3DBF3ED943}.Debug|Any CPU.ActiveCfg = Debug|Any CPU
		{556CB46F-093E-488E-A959-5F3DBF3ED943}.Debug|Any CPU.Build.0 = Debug|Any CPU
		{556CB46F-093E-488E-A959-5F3DBF3ED943}.Release|Any CPU.ActiveCfg = Release|Any CPU
		{556CB46F-093E-488E-A959-5F3DBF3ED943}.Release|Any CPU.Build.0 = Release|Any CPU
		{B902C6EB-84F8-4B7A-8BE5-9C5286D81F08}.Debug|Any CPU.ActiveCfg = Debug|Any CPU
		{B902C6EB-84F8-4B7A-8BE5-9C5286D81F08}.Debug|Any CPU.Build.0 = Debug|Any CPU
		{B902C6EB-84F8-4B7A-8BE5-9C5286D81F08}.Release|Any CPU.ActiveCfg = Release|Any CPU
		{B902C6EB-84F8-4B7A-8BE5-9C5286D81F08}.Release|Any CPU.Build.0 = Release|Any CPU
		{10EE5082-AAEE-4C6C-B44F-F100B1A079B7}.Debug|Any CPU.ActiveCfg = Debug|Any CPU
		{10EE5082-AAEE-4C6C-B44F-F100B1A079B7}.Debug|Any CPU.Build.0 = Debug|Any CPU
		{10EE5082-AAEE-4C6C-B44F-F100B1A079B7}.Release|Any CPU.ActiveCfg = Release|Any CPU
		{10EE5082-AAEE-4C6C-B44F-F100B1A079B7}.Release|Any CPU.Build.0 = Release|Any CPU
		{C0074905-8152-4514-8247-A2B31FDA1BD3}.Debug|Any CPU.ActiveCfg = Debug|Any CPU
		{C0074905-8152-4514-8247-A2B31FDA1BD3}.Debug|Any CPU.Build.0 = Debug|Any CPU
		{C0074905-8152-4514-8247-A2B31FDA1BD3}.Release|Any CPU.ActiveCfg = Release|Any CPU
		{C0074905-8152-4514-8247-A2B31FDA1BD3}.Release|Any CPU.Build.0 = Release|Any CPU
		{34CB1151-637F-4CA4-85F0-2215C57ED3D9}.Debug|Any CPU.ActiveCfg = Debug|Any CPU
		{34CB1151-637F-4CA4-85F0-2215C57ED3D9}.Debug|Any CPU.Build.0 = Debug|Any CPU
		{34CB1151-637F-4CA4-85F0-2215C57ED3D9}.Release|Any CPU.ActiveCfg = Release|Any CPU
		{34CB1151-637F-4CA4-85F0-2215C57ED3D9}.Release|Any CPU.Build.0 = Release|Any CPU
		{15619BFA-744C-4CDC-BAFD-BF64585F3F76}.Debug|Any CPU.ActiveCfg = Debug|Any CPU
		{15619BFA-744C-4CDC-BAFD-BF64585F3F76}.Debug|Any CPU.Build.0 = Debug|Any CPU
		{15619BFA-744C-4CDC-BAFD-BF64585F3F76}.Release|Any CPU.ActiveCfg = Release|Any CPU
		{15619BFA-744C-4CDC-BAFD-BF64585F3F76}.Release|Any CPU.Build.0 = Release|Any CPU
		{A45A6090-3BD4-4B5D-9BB9-542F3A65DA25}.Debug|Any CPU.ActiveCfg = Debug|Any CPU
		{A45A6090-3BD4-4B5D-9BB9-542F3A65DA25}.Debug|Any CPU.Build.0 = Debug|Any CPU
		{A45A6090-3BD4-4B5D-9BB9-542F3A65DA25}.Release|Any CPU.ActiveCfg = Release|Any CPU
		{A45A6090-3BD4-4B5D-9BB9-542F3A65DA25}.Release|Any CPU.Build.0 = Release|Any CPU
	EndGlobalSection
	GlobalSection(SolutionProperties) = preSolution
		HideSolutionNode = FALSE
	EndGlobalSection
	GlobalSection(NestedProjects) = preSolution
		{0A29F38B-E350-468D-AB58-EC3BEA1A97B6} = {FD1BC5B4-DEB3-4C5C-A780-8DBA76123AF9}
		{FA107082-7FF5-4FD5-B0C3-7A9D3E870C37} = {0A29F38B-E350-468D-AB58-EC3BEA1A97B6}
		{C8A3FF23-4016-4542-A179-2CB1FCD4C8B2} = {FD1BC5B4-DEB3-4C5C-A780-8DBA76123AF9}
		{8060278C-D5F4-493B-A3BF-F1951C9B31E5} = {C8A3FF23-4016-4542-A179-2CB1FCD4C8B2}
		{03A4CB4B-3DF8-4319-A19E-E00BA88E73CF} = {FD1BC5B4-DEB3-4C5C-A780-8DBA76123AF9}
		{EA066D7D-1125-4C3B-94D1-C6BA021E9AE4} = {03A4CB4B-3DF8-4319-A19E-E00BA88E73CF}
		{ABEE68D5-6713-4DFA-AE01-691FE7B4702F} = {FD1BC5B4-DEB3-4C5C-A780-8DBA76123AF9}
		{556CB46F-093E-488E-A959-5F3DBF3ED943} = {ABEE68D5-6713-4DFA-AE01-691FE7B4702F}
		{69AD7B38-B322-495A-8482-04BA44F46C0A} = {FD1BC5B4-DEB3-4C5C-A780-8DBA76123AF9}
		{B902C6EB-84F8-4B7A-8BE5-9C5286D81F08} = {69AD7B38-B322-495A-8482-04BA44F46C0A}
		{10EE5082-AAEE-4C6C-B44F-F100B1A079B7} = {69AD7B38-B322-495A-8482-04BA44F46C0A}
		{C0074905-8152-4514-8247-A2B31FDA1BD3} = {014236FC-8DCC-46F4-AA6D-973E8FB28C2F}
		{34CB1151-637F-4CA4-85F0-2215C57ED3D9} = {014236FC-8DCC-46F4-AA6D-973E8FB28C2F}
		{15619BFA-744C-4CDC-BAFD-BF64585F3F76} = {014236FC-8DCC-46F4-AA6D-973E8FB28C2F}
		{A45A6090-3BD4-4B5D-9BB9-542F3A65DA25} = {69AD7B38-B322-495A-8482-04BA44F46C0A}
	EndGlobalSection
	GlobalSection(ExtensibilityGlobals) = postSolution
		SolutionGuid = {88C146B1-2C14-4612-86DA-FDFB785BB704}
	EndGlobalSection
EndGlobal
